
Microsoft Visual Studio Solution File, Format Version 12.00
# Visual Studio Version 17
VisualStudioVersion = 17.7.34031.279
MinimumVisualStudioVersion = 10.0.40219.1
Project("{FAE04EC0-301F-11D3-BF4B-00C04F79EFBC}") = "understandingarrays", "understandingarrays\understandingarrays.csproj", "{6DA92500-C32E-478D-A1A7-758F10AAAD3F}"
EndProject
Global
	GlobalSection(SolutionConfigurationPlatforms) = preSolution
		Debug|Any CPU = Debug|Any CPU
		Release|Any CPU = Release|Any CPU
	EndGlobalSection
	GlobalSection(ProjectConfigurationPlatforms) = postSolution
		{6DA92500-C32E-478D-A1A7-758F10AAAD3F}.Debug|Any CPU.ActiveCfg = Debug|Any CPU
		{6DA92500-C32E-478D-A1A7-758F10AAAD3F}.Debug|Any CPU.Build.0 = Debug|Any CPU
		{6DA92500-C32E-478D-A1A7-758F10AAAD3F}.Release|Any CPU.ActiveCfg = Release|Any CPU
		{6DA92500-C32E-478D-A1A7-758F10AAAD3F}.Release|Any CPU.Build.0 = Release|Any CPU
	EndGlobalSection
	GlobalSection(SolutionProperties) = preSolution
		HideSolutionNode = FALSE
	EndGlobalSection
	GlobalSection(ExtensibilityGlobals) = postSolution
		SolutionGuid = {0858C453-9175-4C26-BE48-6351551E61A2}
	EndGlobalSection
EndGlobal
